
Microsoft Visual Studio Solution File, Format Version 12.00
# Visual Studio Version 17
VisualStudioVersion = 17.1.32228.430
MinimumVisualStudioVersion = 10.0.40219.1
Project("{FAE04EC0-301F-11D3-BF4B-00C04F79EFBC}") = "SimpleEmailService", "SimpleEmailService\SimpleEmailService.csproj", "{39ED036E-C439-4E8C-9299-788A8045658A}"
EndProject
Project("{FAE04EC0-301F-11D3-BF4B-00C04F79EFBC}") = "SimpleEmailService.Core", "SimpleEmailService.Core\SimpleEmailService.Core.csproj", "{7A5812EE-5B1C-44F6-A80D-AE99809F2FE8}"
EndProject
Project("{FAE04EC0-301F-11D3-BF4B-00C04F79EFBC}") = "SimpleEmailService.DataAccess", "SimpleEmailService.DataAccess\SimpleEmailService.DataAccess.csproj", "{9F75A630-0551-4C8B-8A45-C1B25FABCE69}"
EndProject
Project("{FAE04EC0-301F-11D3-BF4B-00C04F79EFBC}") = "SimpleEmailService.Tests", "SimpleEmailService.Tests\SimpleEmailService.Tests.csproj", "{3063F441-3ECE-40CA-99A2-E9B3AA980E32}"
EndProject
Global
	GlobalSection(SolutionConfigurationPlatforms) = preSolution
		Debug|Any CPU = Debug|Any CPU
		Release|Any CPU = Release|Any CPU
	EndGlobalSection
	GlobalSection(ProjectConfigurationPlatforms) = postSolution
		{39ED036E-C439-4E8C-9299-788A8045658A}.Debug|Any CPU.ActiveCfg = Debug|Any CPU
		{39ED036E-C439-4E8C-9299-788A8045658A}.Debug|Any CPU.Build.0 = Debug|Any CPU
		{39ED036E-C439-4E8C-9299-788A8045658A}.Release|Any CPU.ActiveCfg = Release|Any CPU
		{39ED036E-C439-4E8C-9299-788A8045658A}.Release|Any CPU.Build.0 = Release|Any CPU
		{7A5812EE-5B1C-44F6-A80D-AE99809F2FE8}.Debug|Any CPU.ActiveCfg = Debug|Any CPU
		{7A5812EE-5B1C-44F6-A80D-AE99809F2FE8}.Debug|Any CPU.Build.0 = Debug|Any CPU
		{7A5812EE-5B1C-44F6-A80D-AE99809F2FE8}.Release|Any CPU.ActiveCfg = Release|Any CPU
		{7A5812EE-5B1C-44F6-A80D-AE99809F2FE8}.Release|Any CPU.Build.0 = Release|Any CPU
		{9F75A630-0551-4C8B-8A45-C1B25FABCE69}.Debug|Any CPU.ActiveCfg = Debug|Any CPU
		{9F75A630-0551-4C8B-8A45-C1B25FABCE69}.Debug|Any CPU.Build.0 = Debug|Any CPU
		{9F75A630-0551-4C8B-8A45-C1B25FABCE69}.Release|Any CPU.ActiveCfg = Release|Any CPU
		{9F75A630-0551-4C8B-8A45-C1B25FABCE69}.Release|Any CPU.Build.0 = Release|Any CPU
		{3063F441-3ECE-40CA-99A2-E9B3AA980E32}.Debug|Any CPU.ActiveCfg = Debug|Any CPU
		{3063F441-3ECE-40CA-99A2-E9B3AA980E32}.Debug|Any CPU.Build.0 = Debug|Any CPU
		{3063F441-3ECE-40CA-99A2-E9B3AA980E32}.Release|Any CPU.ActiveCfg = Release|Any CPU
		{3063F441-3ECE-40CA-99A2-E9B3AA980E32}.Release|Any CPU.Build.0 = Release|Any CPU
	EndGlobalSection
	GlobalSection(SolutionProperties) = preSolution
		HideSolutionNode = FALSE
	EndGlobalSection
	GlobalSection(ExtensibilityGlobals) = postSolution
		SolutionGuid = {5B2BF236-A2F6-4657-B524-610A8C0DE9A4}
	EndGlobalSection
EndGlobal
